{
  "name": "wbooks-api",
  "requires": true,
  "lockfileVersion": 1,
  "dependencies": {
    "newman-reporter-teamcity": {
      "version": "0.1.12",
      "resolved": "https://registry.npmjs.org/newman-reporter-teamcity/-/newman-reporter-teamcity-0.1.12.tgz",
      "integrity": "sha512-MdsZtOLF0cFZXWfNUqi+90f+z1djFDH75BMhU9TCDYeEDtCMVDyvQy47P6mA6fMjEsmUa8BHit1Ezf8JLO2h9A=="
    }
  }
}
